
Microsoft Visual Studio Solution File, Format Version 12.00
# Visual Studio Version 17
VisualStudioVersion = 17.10.35122.118
MinimumVisualStudioVersion = 10.0.40219.1
Project("{FAE04EC0-301F-11D3-BF4B-00C04F79EFBC}") = "StockApp", "StockApp\StockApp.csproj", "{E0DEE457-8E25-4464-9891-4967417FDF44}"
EndProject
Project("{FAE04EC0-301F-11D3-BF4B-00C04F79EFBC}") = "Database", "Database\Database.csproj", "{FCF0DB3E-3C0E-42D6-83CB-85FC44125DBA}"
EndProject
Project("{FAE04EC0-301F-11D3-BF4B-00C04F79EFBC}") = "Application", "Application\Application.csproj", "{8234BBF6-E19C-45F4-8986-FD787ECE67A0}"
EndProject
Global
	GlobalSection(SolutionConfigurationPlatforms) = preSolution
		Debug|Any CPU = Debug|Any CPU
		Release|Any CPU = Release|Any CPU
	EndGlobalSection
	GlobalSection(ProjectConfigurationPlatforms) = postSolution
		{E0DEE457-8E25-4464-9891-4967417FDF44}.Debug|Any CPU.ActiveCfg = Debug|Any CPU
		{E0DEE457-8E25-4464-9891-4967417FDF44}.Debug|Any CPU.Build.0 = Debug|Any CPU
		{E0DEE457-8E25-4464-9891-4967417FDF44}.Release|Any CPU.ActiveCfg = Release|Any CPU
		{E0DEE457-8E25-4464-9891-4967417FDF44}.Release|Any CPU.Build.0 = Release|Any CPU
		{FCF0DB3E-3C0E-42D6-83CB-85FC44125DBA}.Debug|Any CPU.ActiveCfg = Debug|Any CPU
		{FCF0DB3E-3C0E-42D6-83CB-85FC44125DBA}.Debug|Any CPU.Build.0 = Debug|Any CPU
		{FCF0DB3E-3C0E-42D6-83CB-85FC44125DBA}.Release|Any CPU.ActiveCfg = Release|Any CPU
		{FCF0DB3E-3C0E-42D6-83CB-85FC44125DBA}.Release|Any CPU.Build.0 = Release|Any CPU
		{8234BBF6-E19C-45F4-8986-FD787ECE67A0}.Debug|Any CPU.ActiveCfg = Debug|Any CPU
		{8234BBF6-E19C-45F4-8986-FD787ECE67A0}.Debug|Any CPU.Build.0 = Debug|Any CPU
		{8234BBF6-E19C-45F4-8986-FD787ECE67A0}.Release|Any CPU.ActiveCfg = Release|Any CPU
		{8234BBF6-E19C-45F4-8986-FD787ECE67A0}.Release|Any CPU.Build.0 = Release|Any CPU
	EndGlobalSection
	GlobalSection(SolutionProperties) = preSolution
		HideSolutionNode = FALSE
	EndGlobalSection
	GlobalSection(ExtensibilityGlobals) = postSolution
		SolutionGuid = {363D7C14-BFE2-4AB9-A15B-1C3E37C521B1}
	EndGlobalSection
EndGlobal
